
Microsoft Visual Studio Solution File, Format Version 12.00
# Visual Studio Version 17
VisualStudioVersion = 17.0.31903.59
MinimumVisualStudioVersion = 10.0.40219.1
Project("{FAE04EC0-301F-11D3-BF4B-00C04F79EFBC}") = "RSpot.Users.API", "src\Services\UserService\RSpot.Users.API\RSpot.Users.API.csproj", "{1FE72D63-C744-4C20-A0CD-04E2468AA8B1}"
EndProject
Project("{FAE04EC0-301F-11D3-BF4B-00C04F79EFBC}") = "RSpot.Users.Application", "src\Services\UserService\RSpot.Users.Application\RSpot.Users.Application.csproj", "{8E0DA760-9377-49B8-9C75-8BCC8220D472}"
EndProject
Project("{FAE04EC0-301F-11D3-BF4B-00C04F79EFBC}") = "RSpot.Users.Domain", "src\Services\UserService\RSpot.Users.Domain\RSpot.Users.Domain.csproj", "{9A94F92D-FEAA-465B-B8B5-26450DECB327}"
EndProject
Project("{FAE04EC0-301F-11D3-BF4B-00C04F79EFBC}") = "RSpot.Users.Infrastructure", "src\Services\UserService\RSpot.Users.Infrastructure\RSpot.Users.Infrastructure.csproj", "{12A58FC1-3342-46D4-9EF4-CCFCD615CB7B}"
EndProject
Project("{FAE04EC0-301F-11D3-BF4B-00C04F79EFBC}") = "RSpot.Places.Application", "src\Services\PlaceService\RSpot.Places.Application\RSpot.Places.Application.csproj", "{69C9E5A0-4FCA-47B9-9C8C-04C3627DB70B}"
EndProject
Project("{FAE04EC0-301F-11D3-BF4B-00C04F79EFBC}") = "RSpot.Places.Infrastructure", "src\Services\PlaceService\RSpot.Places.Infrastructure\RSpot.Places.Infrastructure.csproj", "{9E68D6C5-9ABE-41CC-9A4A-FC97C810461C}"
EndProject
Project("{FAE04EC0-301F-11D3-BF4B-00C04F79EFBC}") = "RSpot.NotificationService", "src\Services\NotificationService\RSpot.NotificationService\RSpot.NotificationService.csproj", "{8665D45A-63DD-4DCC-84D8-541A6DF3A567}"
EndProject
Project("{FAE04EC0-301F-11D3-BF4B-00C04F79EFBC}") = "RSpot.Places.API", "src\Services\PlaceService\RSpot.Places.API\RSpot.Places.API.csproj", "{2DB9458E-D6DE-43C4-829E-4808CBA1CE17}"
EndProject
Project("{FAE04EC0-301F-11D3-BF4B-00C04F79EFBC}") = "RSpot.Booking.API", "src\Services\BookingService\RSpot.Booking.API\RSpot.Booking.API.csproj", "{9AFA4CBC-698E-48E3-A6A1-0DDD19CA4684}"
EndProject
Project("{FAE04EC0-301F-11D3-BF4B-00C04F79EFBC}") = "RSpot.Booking.Application", "src\Services\BookingService\RSpot.Booking.Application\RSpot.Booking.Application.csproj", "{F2DCE6AF-3E3B-4CE9-8004-9B18F1CBE291}"
EndProject
Project("{FAE04EC0-301F-11D3-BF4B-00C04F79EFBC}") = "RSpot.Booking.Infrastructure", "src\Services\BookingService\RSpot.Booking.Infrastructure\RSpot.Booking.Infrastructure.csproj", "{C2198099-ABD9-4E1E-A179-A63FED7048C1}"
EndProject
Project("{FAE04EC0-301F-11D3-BF4B-00C04F79EFBC}") = "RSpot.Places.Domain", "src\Services\PlaceService\RSpot.Places.Domain\RSpot.Places.Domain.csproj", "{415567DF-CEEB-44E2-8026-0C22FE73F9A1}"
EndProject
Project("{FAE04EC0-301F-11D3-BF4B-00C04F79EFBC}") = "RSpot.Booking.Domain", "src\Services\BookingService\RSpot.Booking.Domain\RSpot.Booking.Domain.csproj", "{95F2056C-21D0-48DD-B09C-3D6443D6454B}"
EndProject
Project("{2150E333-8FDC-42A3-9474-1A3956D46DE8}") = "BookingService", "BookingService", "{CACAF76F-9F02-4CD5-9304-729DD0C246D9}"
EndProject
Project("{2150E333-8FDC-42A3-9474-1A3956D46DE8}") = "NotificationService", "NotificationService", "{63C93580-E41C-40B4-8107-ABCCAB81F0EB}"
EndProject
Project("{2150E333-8FDC-42A3-9474-1A3956D46DE8}") = "PlacesServise", "PlacesServise", "{1308FAA0-FE9E-4BAC-9771-B79F4CEA9250}"
EndProject
Project("{2150E333-8FDC-42A3-9474-1A3956D46DE8}") = "UsersService", "UsersService", "{36880990-5079-4919-9BE8-1352EF6CD99A}"
EndProject
Project("{FAE04EC0-301F-11D3-BF4B-00C04F79EFBC}") = "RSpot.Users.Tests", "src\Services\UserService\RSpot.Users.Tests\RSpot.Users.Tests.csproj", "{99247CB4-60F9-40D6-9D18-6A766D9FAD07}"
EndProject
Project("{FAE04EC0-301F-11D3-BF4B-00C04F79EFBC}") = "RSpot.Booking.Tests", "src\Services\BookingService\RSpot.Booking.Tests\RSpot.Booking.Tests.csproj", "{3072767D-1882-4EEF-9103-319E110250EC}"
EndProject
Project("{FAE04EC0-301F-11D3-BF4B-00C04F79EFBC}") = "RSpot.Places.Tests", "src\Services\PlaceService\RSpot.Places.Tests\RSpot.Places.Tests.csproj", "{342732F9-529D-42F5-8E30-93A89752A1A7}"
EndProject
Global
	GlobalSection(SolutionConfigurationPlatforms) = preSolution
		Debug|Any CPU = Debug|Any CPU
		Release|Any CPU = Release|Any CPU
	EndGlobalSection
	GlobalSection(ProjectConfigurationPlatforms) = postSolution
		{1FE72D63-C744-4C20-A0CD-04E2468AA8B1}.Debug|Any CPU.ActiveCfg = Debug|Any CPU
		{1FE72D63-C744-4C20-A0CD-04E2468AA8B1}.Debug|Any CPU.Build.0 = Debug|Any CPU
		{1FE72D63-C744-4C20-A0CD-04E2468AA8B1}.Release|Any CPU.ActiveCfg = Release|Any CPU
		{1FE72D63-C744-4C20-A0CD-04E2468AA8B1}.Release|Any CPU.Build.0 = Release|Any CPU
		{8E0DA760-9377-49B8-9C75-8BCC8220D472}.Debug|Any CPU.ActiveCfg = Debug|Any CPU
		{8E0DA760-9377-49B8-9C75-8BCC8220D472}.Debug|Any CPU.Build.0 = Debug|Any CPU
		{8E0DA760-9377-49B8-9C75-8BCC8220D472}.Release|Any CPU.ActiveCfg = Release|Any CPU
		{8E0DA760-9377-49B8-9C75-8BCC8220D472}.Release|Any CPU.Build.0 = Release|Any CPU
		{9A94F92D-FEAA-465B-B8B5-26450DECB327}.Debug|Any CPU.ActiveCfg = Debug|Any CPU
		{9A94F92D-FEAA-465B-B8B5-26450DECB327}.Debug|Any CPU.Build.0 = Debug|Any CPU
		{9A94F92D-FEAA-465B-B8B5-26450DECB327}.Release|Any CPU.ActiveCfg = Release|Any CPU
		{9A94F92D-FEAA-465B-B8B5-26450DECB327}.Release|Any CPU.Build.0 = Release|Any CPU
		{12A58FC1-3342-46D4-9EF4-CCFCD615CB7B}.Debug|Any CPU.ActiveCfg = Debug|Any CPU
		{12A58FC1-3342-46D4-9EF4-CCFCD615CB7B}.Debug|Any CPU.Build.0 = Debug|Any CPU
		{12A58FC1-3342-46D4-9EF4-CCFCD615CB7B}.Release|Any CPU.ActiveCfg = Release|Any CPU
		{12A58FC1-3342-46D4-9EF4-CCFCD615CB7B}.Release|Any CPU.Build.0 = Release|Any CPU
		{69C9E5A0-4FCA-47B9-9C8C-04C3627DB70B}.Debug|Any CPU.ActiveCfg = Debug|Any CPU
		{69C9E5A0-4FCA-47B9-9C8C-04C3627DB70B}.Debug|Any CPU.Build.0 = Debug|Any CPU
		{69C9E5A0-4FCA-47B9-9C8C-04C3627DB70B}.Release|Any CPU.ActiveCfg = Release|Any CPU
		{69C9E5A0-4FCA-47B9-9C8C-04C3627DB70B}.Release|Any CPU.Build.0 = Release|Any CPU
		{9E68D6C5-9ABE-41CC-9A4A-FC97C810461C}.Debug|Any CPU.ActiveCfg = Debug|Any CPU
		{9E68D6C5-9ABE-41CC-9A4A-FC97C810461C}.Debug|Any CPU.Build.0 = Debug|Any CPU
		{9E68D6C5-9ABE-41CC-9A4A-FC97C810461C}.Release|Any CPU.ActiveCfg = Release|Any CPU
		{9E68D6C5-9ABE-41CC-9A4A-FC97C810461C}.Release|Any CPU.Build.0 = Release|Any CPU
		{8665D45A-63DD-4DCC-84D8-541A6DF3A567}.Debug|Any CPU.ActiveCfg = Debug|Any CPU
		{8665D45A-63DD-4DCC-84D8-541A6DF3A567}.Debug|Any CPU.Build.0 = Debug|Any CPU
		{8665D45A-63DD-4DCC-84D8-541A6DF3A567}.Release|Any CPU.ActiveCfg = Release|Any CPU
		{8665D45A-63DD-4DCC-84D8-541A6DF3A567}.Release|Any CPU.Build.0 = Release|Any CPU
		{2DB9458E-D6DE-43C4-829E-4808CBA1CE17}.Debug|Any CPU.ActiveCfg = Debug|Any CPU
		{2DB9458E-D6DE-43C4-829E-4808CBA1CE17}.Debug|Any CPU.Build.0 = Debug|Any CPU
		{2DB9458E-D6DE-43C4-829E-4808CBA1CE17}.Release|Any CPU.ActiveCfg = Release|Any CPU
		{2DB9458E-D6DE-43C4-829E-4808CBA1CE17}.Release|Any CPU.Build.0 = Release|Any CPU
		{9AFA4CBC-698E-48E3-A6A1-0DDD19CA4684}.Debug|Any CPU.ActiveCfg = Debug|Any CPU
		{9AFA4CBC-698E-48E3-A6A1-0DDD19CA4684}.Debug|Any CPU.Build.0 = Debug|Any CPU
		{9AFA4CBC-698E-48E3-A6A1-0DDD19CA4684}.Release|Any CPU.ActiveCfg = Release|Any CPU
		{9AFA4CBC-698E-48E3-A6A1-0DDD19CA4684}.Release|Any CPU.Build.0 = Release|Any CPU
		{F2DCE6AF-3E3B-4CE9-8004-9B18F1CBE291}.Debug|Any CPU.ActiveCfg = Debug|Any CPU
		{F2DCE6AF-3E3B-4CE9-8004-9B18F1CBE291}.Debug|Any CPU.Build.0 = Debug|Any CPU
		{F2DCE6AF-3E3B-4CE9-8004-9B18F1CBE291}.Release|Any CPU.ActiveCfg = Release|Any CPU
		{F2DCE6AF-3E3B-4CE9-8004-9B18F1CBE291}.Release|Any CPU.Build.0 = Release|Any CPU
		{C2198099-ABD9-4E1E-A179-A63FED7048C1}.Debug|Any CPU.ActiveCfg = Debug|Any CPU
		{C2198099-ABD9-4E1E-A179-A63FED7048C1}.Debug|Any CPU.Build.0 = Debug|Any CPU
		{C2198099-ABD9-4E1E-A179-A63FED7048C1}.Release|Any CPU.ActiveCfg = Release|Any CPU
		{C2198099-ABD9-4E1E-A179-A63FED7048C1}.Release|Any CPU.Build.0 = Release|Any CPU
		{415567DF-CEEB-44E2-8026-0C22FE73F9A1}.Debug|Any CPU.ActiveCfg = Debug|Any CPU
		{415567DF-CEEB-44E2-8026-0C22FE73F9A1}.Debug|Any CPU.Build.0 = Debug|Any CPU
		{415567DF-CEEB-44E2-8026-0C22FE73F9A1}.Release|Any CPU.ActiveCfg = Release|Any CPU
		{415567DF-CEEB-44E2-8026-0C22FE73F9A1}.Release|Any CPU.Build.0 = Release|Any CPU
		{95F2056C-21D0-48DD-B09C-3D6443D6454B}.Debug|Any CPU.ActiveCfg = Debug|Any CPU
		{95F2056C-21D0-48DD-B09C-3D6443D6454B}.Debug|Any CPU.Build.0 = Debug|Any CPU
		{95F2056C-21D0-48DD-B09C-3D6443D6454B}.Release|Any CPU.ActiveCfg = Release|Any CPU
		{95F2056C-21D0-48DD-B09C-3D6443D6454B}.Release|Any CPU.Build.0 = Release|Any CPU
		{99247CB4-60F9-40D6-9D18-6A766D9FAD07}.Debug|Any CPU.ActiveCfg = Debug|Any CPU
		{99247CB4-60F9-40D6-9D18-6A766D9FAD07}.Debug|Any CPU.Build.0 = Debug|Any CPU
		{99247CB4-60F9-40D6-9D18-6A766D9FAD07}.Release|Any CPU.ActiveCfg = Release|Any CPU
		{99247CB4-60F9-40D6-9D18-6A766D9FAD07}.Release|Any CPU.Build.0 = Release|Any CPU
		{3072767D-1882-4EEF-9103-319E110250EC}.Debug|Any CPU.ActiveCfg = Debug|Any CPU
		{3072767D-1882-4EEF-9103-319E110250EC}.Debug|Any CPU.Build.0 = Debug|Any CPU
		{3072767D-1882-4EEF-9103-319E110250EC}.Release|Any CPU.ActiveCfg = Release|Any CPU
		{3072767D-1882-4EEF-9103-319E110250EC}.Release|Any CPU.Build.0 = Release|Any CPU
		{342732F9-529D-42F5-8E30-93A89752A1A7}.Debug|Any CPU.ActiveCfg = Debug|Any CPU
		{342732F9-529D-42F5-8E30-93A89752A1A7}.Debug|Any CPU.Build.0 = Debug|Any CPU
		{342732F9-529D-42F5-8E30-93A89752A1A7}.Release|Any CPU.ActiveCfg = Release|Any CPU
		{342732F9-529D-42F5-8E30-93A89752A1A7}.Release|Any CPU.Build.0 = Release|Any CPU
	EndGlobalSection
	GlobalSection(SolutionProperties) = preSolution
		HideSolutionNode = FALSE
	EndGlobalSection
	GlobalSection(NestedProjects) = preSolution
		{1FE72D63-C744-4C20-A0CD-04E2468AA8B1} = {36880990-5079-4919-9BE8-1352EF6CD99A}
		{8E0DA760-9377-49B8-9C75-8BCC8220D472} = {36880990-5079-4919-9BE8-1352EF6CD99A}
		{9A94F92D-FEAA-465B-B8B5-26450DECB327} = {36880990-5079-4919-9BE8-1352EF6CD99A}
		{12A58FC1-3342-46D4-9EF4-CCFCD615CB7B} = {36880990-5079-4919-9BE8-1352EF6CD99A}
		{69C9E5A0-4FCA-47B9-9C8C-04C3627DB70B} = {1308FAA0-FE9E-4BAC-9771-B79F4CEA9250}
		{9E68D6C5-9ABE-41CC-9A4A-FC97C810461C} = {1308FAA0-FE9E-4BAC-9771-B79F4CEA9250}
		{8665D45A-63DD-4DCC-84D8-541A6DF3A567} = {63C93580-E41C-40B4-8107-ABCCAB81F0EB}
		{2DB9458E-D6DE-43C4-829E-4808CBA1CE17} = {1308FAA0-FE9E-4BAC-9771-B79F4CEA9250}
		{9AFA4CBC-698E-48E3-A6A1-0DDD19CA4684} = {CACAF76F-9F02-4CD5-9304-729DD0C246D9}
		{F2DCE6AF-3E3B-4CE9-8004-9B18F1CBE291} = {CACAF76F-9F02-4CD5-9304-729DD0C246D9}
		{C2198099-ABD9-4E1E-A179-A63FED7048C1} = {CACAF76F-9F02-4CD5-9304-729DD0C246D9}
		{415567DF-CEEB-44E2-8026-0C22FE73F9A1} = {1308FAA0-FE9E-4BAC-9771-B79F4CEA9250}
		{95F2056C-21D0-48DD-B09C-3D6443D6454B} = {CACAF76F-9F02-4CD5-9304-729DD0C246D9}
		{99247CB4-60F9-40D6-9D18-6A766D9FAD07} = {36880990-5079-4919-9BE8-1352EF6CD99A}
		{3072767D-1882-4EEF-9103-319E110250EC} = {CACAF76F-9F02-4CD5-9304-729DD0C246D9}
		{342732F9-529D-42F5-8E30-93A89752A1A7} = {1308FAA0-FE9E-4BAC-9771-B79F4CEA9250}
	EndGlobalSection
EndGlobal
